
Microsoft Visual Studio Solution File, Format Version 12.00
# Visual Studio 2013
VisualStudioVersion = 12.0.30110.0
MinimumVisualStudioVersion = 10.0.40219.1
Project("{FAE04EC0-301F-11D3-BF4B-00C04F79EFBC}") = "IRR", "IRR\IRR.csproj", "{AB120463-21A9-4AF7-9775-4EAF050B1386}"
EndProject
Project("{E24C65DC-7377-472B-9ABA-BC803B73C61A}") = "PhoneGap", "http://localhost:6376", "{B60D20C1-FDC0-4950-88D6-45569CB1DA52}"
	ProjectSection(WebsiteProperties) = preProject
		UseIISExpress = "true"
		TargetFrameworkMoniker = ".NETFramework,Version%3Dv4.0"
		Debug.AspNetCompiler.VirtualPath = "/localhost_6376"
		Debug.AspNetCompiler.PhysicalPath = "PhoneGap\"
		Debug.AspNetCompiler.TargetPath = "PrecompiledWeb\localhost_6376\"
		Debug.AspNetCompiler.Updateable = "true"
		Debug.AspNetCompiler.ForceOverwrite = "true"
		Debug.AspNetCompiler.FixedNames = "false"
		Debug.AspNetCompiler.Debug = "True"
		Release.AspNetCompiler.VirtualPath = "/localhost_6376"
		Release.AspNetCompiler.PhysicalPath = "PhoneGap\"
		Release.AspNetCompiler.TargetPath = "PrecompiledWeb\localhost_6376\"
		Release.AspNetCompiler.Updateable = "true"
		Release.AspNetCompiler.ForceOverwrite = "true"
		Release.AspNetCompiler.FixedNames = "false"
		Release.AspNetCompiler.Debug = "False"
		SlnRelativePath = "PhoneGap\"
	EndProjectSection
EndProject
Global
	GlobalSection(SolutionConfigurationPlatforms) = preSolution
		Debug|Any CPU = Debug|Any CPU
		Release|Any CPU = Release|Any CPU
	EndGlobalSection
	GlobalSection(ProjectConfigurationPlatforms) = postSolution
		{AB120463-21A9-4AF7-9775-4EAF050B1386}.Debug|Any CPU.ActiveCfg = Debug|Any CPU
		{AB120463-21A9-4AF7-9775-4EAF050B1386}.Debug|Any CPU.Build.0 = Debug|Any CPU
		{AB120463-21A9-4AF7-9775-4EAF050B1386}.Release|Any CPU.ActiveCfg = Release|Any CPU
		{AB120463-21A9-4AF7-9775-4EAF050B1386}.Release|Any CPU.Build.0 = Release|Any CPU
		{B60D20C1-FDC0-4950-88D6-45569CB1DA52}.Debug|Any CPU.ActiveCfg = Debug|Any CPU
		{B60D20C1-FDC0-4950-88D6-45569CB1DA52}.Debug|Any CPU.Build.0 = Debug|Any CPU
		{B60D20C1-FDC0-4950-88D6-45569CB1DA52}.Release|Any CPU.ActiveCfg = Debug|Any CPU
		{B60D20C1-FDC0-4950-88D6-45569CB1DA52}.Release|Any CPU.Build.0 = Debug|Any CPU
	EndGlobalSection
	GlobalSection(SolutionProperties) = preSolution
		HideSolutionNode = FALSE
	EndGlobalSection
EndGlobal
